
Microsoft Visual Studio Solution File, Format Version 12.00
# Visual Studio Version 17
VisualStudioVersion = 17.11.35312.102
MinimumVisualStudioVersion = 10.0.40219.1
Project("{2150E333-8FDC-42A3-9474-1A3956D46DE8}") = "Task1", "Task1", "{3581AEE0-BEF8-4B1D-A31C-697F1B218EA1}"
EndProject
Project("{FAE04EC0-301F-11D3-BF4B-00C04F79EFBC}") = "Tyuiu.NajibN.Sprint1.Task1.V6", "Tyuiu.NajibN.Sprint1.Task1.V6\Tyuiu.NajibN.Sprint1.Task1.V6.csproj", "{C3E6E8A5-3127-49FC-AF56-923101A1ACF9}"
EndProject
Project("{FAE04EC0-301F-11D3-BF4B-00C04F79EFBC}") = "Tyuiu.NajibN.Sprint1.Task1.V6.Lib", "Tyuiu.NajibN.Sprint1.Task1.V6.Lib\Tyuiu.NajibN.Sprint1.Task1.V6.Lib.csproj", "{9D224777-D501-4A22-93D3-75C00CD033A3}"
EndProject
Project("{FAE04EC0-301F-11D3-BF4B-00C04F79EFBC}") = "Tyuiu.NajibN.Sprint1.Task1.V6.Test", "Tyuiu.NajibN.Sprint1.Task1.V6.Test\Tyuiu.NajibN.Sprint1.Task1.V6.Test.csproj", "{F02E9F9F-0B4F-44D4-B007-E2E15CEB270F}"
EndProject
Project("{2150E333-8FDC-42A3-9474-1A3956D46DE8}") = "Task2", "Task2", "{4AE84E45-C650-418C-BAB8-C13DEB137B2D}"
EndProject
Project("{FAE04EC0-301F-11D3-BF4B-00C04F79EFBC}") = "Tyuiu.NajibN.Sprint1.Task2.V26", "Tyuiu.NajibN.Sprint1.Task2.V26\Tyuiu.NajibN.Sprint1.Task2.V26.csproj", "{557FE79B-5BD1-49EE-9B25-1CEF725B6E46}"
EndProject
Project("{FAE04EC0-301F-11D3-BF4B-00C04F79EFBC}") = "Tyuiu.NajibN.Sprint1.Task2.V26.Lib", "Tyuiu.NajibN.Sprint1.Task2.V26.Lib\Tyuiu.NajibN.Sprint1.Task2.V26.Lib.csproj", "{CFCE3BCF-E3C4-493D-9649-6C33FC3C7375}"
EndProject
Project("{FAE04EC0-301F-11D3-BF4B-00C04F79EFBC}") = "Tyuiu.NajibN.Sprint1.Task2.V26.Test", "Tyuiu.NajibN.Sprint1.Task2.V26.Test\Tyuiu.NajibN.Sprint1.Task2.V26.Test.csproj", "{018D46D1-E281-46D7-A967-31922FAD7D1B}"
EndProject
Project("{2150E333-8FDC-42A3-9474-1A3956D46DE8}") = "Task3", "Task3", "{6D65559C-8F94-4CD6-A7C8-5DB30A39390A}"
EndProject
Project("{FAE04EC0-301F-11D3-BF4B-00C04F79EFBC}") = "Tyuiu.NajibN.Sprint1.Task3.V14", "Tyuiu.NajibN.Sprint1.Task3.V14\Tyuiu.NajibN.Sprint1.Task3.V14.csproj", "{66491339-6CB7-4F57-84EC-4B0EF23EF2A9}"
EndProject
Project("{FAE04EC0-301F-11D3-BF4B-00C04F79EFBC}") = "Tyuiu.NajibN.Sprint1.Task3.V14.Lib", "Tyuiu.NajibN.Sprint1.Task3.V14.Lib\Tyuiu.NajibN.Sprint1.Task3.V14.Lib.csproj", "{B07488C8-F63E-4F6C-9B4C-4BBD37E4066C}"
EndProject
Project("{FAE04EC0-301F-11D3-BF4B-00C04F79EFBC}") = "Tyuiu.NajibN.Sprint1.Task3.V14.Test", "Tyuiu.NajibN.Sprint1.Task3.V14.Test\Tyuiu.NajibN.Sprint1.Task3.V14.Test.csproj", "{66EE7CDA-9B24-4CFE-BAC3-AB36ED19AE48}"
EndProject
Project("{2150E333-8FDC-42A3-9474-1A3956D46DE8}") = "Task4", "Task4", "{FC1953A1-0B5F-4FB0-BA87-52227BE37D7C}"
EndProject
Project("{FAE04EC0-301F-11D3-BF4B-00C04F79EFBC}") = "Tyuiu.NajibN.Sprint1.Task4.V14", "Tyuiu.NajibN.Sprint1.Task4.V14\Tyuiu.NajibN.Sprint1.Task4.V14.csproj", "{E9D4A4EE-3B02-40F5-B7FC-0AE062E98FFB}"
EndProject
Project("{FAE04EC0-301F-11D3-BF4B-00C04F79EFBC}") = "Tyuiu.NajibN.Sprint1.Task4.V14.Lib", "Tyuiu.NajibN.Sprint1.Task4.V14.Lib\Tyuiu.NajibN.Sprint1.Task4.V14.Lib.csproj", "{33DBAF5C-933A-48A5-8AAE-43B7277E269A}"
EndProject
Project("{FAE04EC0-301F-11D3-BF4B-00C04F79EFBC}") = "Tyuiu.NajibN.Sprint1.Task4.V14.Test", "Tyuiu.NajibN.Sprint1.Task4.V14.Test\Tyuiu.NajibN.Sprint1.Task4.V14.Test.csproj", "{8F1F9400-9530-44DE-8A56-9732D653DE56}"
EndProject
Global
	GlobalSection(SolutionConfigurationPlatforms) = preSolution
		Debug|Any CPU = Debug|Any CPU
		Release|Any CPU = Release|Any CPU
	EndGlobalSection
	GlobalSection(ProjectConfigurationPlatforms) = postSolution
		{C3E6E8A5-3127-49FC-AF56-923101A1ACF9}.Debug|Any CPU.ActiveCfg = Debug|Any CPU
		{C3E6E8A5-3127-49FC-AF56-923101A1ACF9}.Debug|Any CPU.Build.0 = Debug|Any CPU
		{C3E6E8A5-3127-49FC-AF56-923101A1ACF9}.Release|Any CPU.ActiveCfg = Release|Any CPU
		{C3E6E8A5-3127-49FC-AF56-923101A1ACF9}.Release|Any CPU.Build.0 = Release|Any CPU
		{9D224777-D501-4A22-93D3-75C00CD033A3}.Debug|Any CPU.ActiveCfg = Debug|Any CPU
		{9D224777-D501-4A22-93D3-75C00CD033A3}.Debug|Any CPU.Build.0 = Debug|Any CPU
		{9D224777-D501-4A22-93D3-75C00CD033A3}.Release|Any CPU.ActiveCfg = Release|Any CPU
		{9D224777-D501-4A22-93D3-75C00CD033A3}.Release|Any CPU.Build.0 = Release|Any CPU
		{F02E9F9F-0B4F-44D4-B007-E2E15CEB270F}.Debug|Any CPU.ActiveCfg = Debug|Any CPU
		{F02E9F9F-0B4F-44D4-B007-E2E15CEB270F}.Debug|Any CPU.Build.0 = Debug|Any CPU
		{F02E9F9F-0B4F-44D4-B007-E2E15CEB270F}.Release|Any CPU.ActiveCfg = Release|Any CPU
		{F02E9F9F-0B4F-44D4-B007-E2E15CEB270F}.Release|Any CPU.Build.0 = Release|Any CPU
		{557FE79B-5BD1-49EE-9B25-1CEF725B6E46}.Debug|Any CPU.ActiveCfg = Debug|Any CPU
		{557FE79B-5BD1-49EE-9B25-1CEF725B6E46}.Debug|Any CPU.Build.0 = Debug|Any CPU
		{557FE79B-5BD1-49EE-9B25-1CEF725B6E46}.Release|Any CPU.ActiveCfg = Release|Any CPU
		{557FE79B-5BD1-49EE-9B25-1CEF725B6E46}.Release|Any CPU.Build.0 = Release|Any CPU
		{CFCE3BCF-E3C4-493D-9649-6C33FC3C7375}.Debug|Any CPU.ActiveCfg = Debug|Any CPU
		{CFCE3BCF-E3C4-493D-9649-6C33FC3C7375}.Debug|Any CPU.Build.0 = Debug|Any CPU
		{CFCE3BCF-E3C4-493D-9649-6C33FC3C7375}.Release|Any CPU.ActiveCfg = Release|Any CPU
		{CFCE3BCF-E3C4-493D-9649-6C33FC3C7375}.Release|Any CPU.Build.0 = Release|Any CPU
		{018D46D1-E281-46D7-A967-31922FAD7D1B}.Debug|Any CPU.ActiveCfg = Debug|Any CPU
		{018D46D1-E281-46D7-A967-31922FAD7D1B}.Debug|Any CPU.Build.0 = Debug|Any CPU
		{018D46D1-E281-46D7-A967-31922FAD7D1B}.Release|Any CPU.ActiveCfg = Release|Any CPU
		{018D46D1-E281-46D7-A967-31922FAD7D1B}.Release|Any CPU.Build.0 = Release|Any CPU
		{66491339-6CB7-4F57-84EC-4B0EF23EF2A9}.Debug|Any CPU.ActiveCfg = Debug|Any CPU
		{66491339-6CB7-4F57-84EC-4B0EF23EF2A9}.Debug|Any CPU.Build.0 = Debug|Any CPU
		{66491339-6CB7-4F57-84EC-4B0EF23EF2A9}.Release|Any CPU.ActiveCfg = Release|Any CPU
		{66491339-6CB7-4F57-84EC-4B0EF23EF2A9}.Release|Any CPU.Build.0 = Release|Any CPU
		{B07488C8-F63E-4F6C-9B4C-4BBD37E4066C}.Debug|Any CPU.ActiveCfg = Debug|Any CPU
		{B07488C8-F63E-4F6C-9B4C-4BBD37E4066C}.Debug|Any CPU.Build.0 = Debug|Any CPU
		{B07488C8-F63E-4F6C-9B4C-4BBD37E4066C}.Release|Any CPU.ActiveCfg = Release|Any CPU
		{B07488C8-F63E-4F6C-9B4C-4BBD37E4066C}.Release|Any CPU.Build.0 = Release|Any CPU
		{66EE7CDA-9B24-4CFE-BAC3-AB36ED19AE48}.Debug|Any CPU.ActiveCfg = Debug|Any CPU
		{66EE7CDA-9B24-4CFE-BAC3-AB36ED19AE48}.Debug|Any CPU.Build.0 = Debug|Any CPU
		{66EE7CDA-9B24-4CFE-BAC3-AB36ED19AE48}.Release|Any CPU.ActiveCfg = Release|Any CPU
		{66EE7CDA-9B24-4CFE-BAC3-AB36ED19AE48}.Release|Any CPU.Build.0 = Release|Any CPU
		{E9D4A4EE-3B02-40F5-B7FC-0AE062E98FFB}.Debug|Any CPU.ActiveCfg = Debug|Any CPU
		{E9D4A4EE-3B02-40F5-B7FC-0AE062E98FFB}.Debug|Any CPU.Build.0 = Debug|Any CPU
		{E9D4A4EE-3B02-40F5-B7FC-0AE062E98FFB}.Release|Any CPU.ActiveCfg = Release|Any CPU
		{E9D4A4EE-3B02-40F5-B7FC-0AE062E98FFB}.Release|Any CPU.Build.0 = Release|Any CPU
		{33DBAF5C-933A-48A5-8AAE-43B7277E269A}.Debug|Any CPU.ActiveCfg = Debug|Any CPU
		{33DBAF5C-933A-48A5-8AAE-43B7277E269A}.Debug|Any CPU.Build.0 = Debug|Any CPU
		{33DBAF5C-933A-48A5-8AAE-43B7277E269A}.Release|Any CPU.ActiveCfg = Release|Any CPU
		{33DBAF5C-933A-48A5-8AAE-43B7277E269A}.Release|Any CPU.Build.0 = Release|Any CPU
		{8F1F9400-9530-44DE-8A56-9732D653DE56}.Debug|Any CPU.ActiveCfg = Debug|Any CPU
		{8F1F9400-9530-44DE-8A56-9732D653DE56}.Debug|Any CPU.Build.0 = Debug|Any CPU
		{8F1F9400-9530-44DE-8A56-9732D653DE56}.Release|Any CPU.ActiveCfg = Release|Any CPU
		{8F1F9400-9530-44DE-8A56-9732D653DE56}.Release|Any CPU.Build.0 = Release|Any CPU
	EndGlobalSection
	GlobalSection(SolutionProperties) = preSolution
		HideSolutionNode = FALSE
	EndGlobalSection
	GlobalSection(NestedProjects) = preSolution
		{C3E6E8A5-3127-49FC-AF56-923101A1ACF9} = {3581AEE0-BEF8-4B1D-A31C-697F1B218EA1}
		{9D224777-D501-4A22-93D3-75C00CD033A3} = {3581AEE0-BEF8-4B1D-A31C-697F1B218EA1}
		{F02E9F9F-0B4F-44D4-B007-E2E15CEB270F} = {3581AEE0-BEF8-4B1D-A31C-697F1B218EA1}
		{557FE79B-5BD1-49EE-9B25-1CEF725B6E46} = {4AE84E45-C650-418C-BAB8-C13DEB137B2D}
		{CFCE3BCF-E3C4-493D-9649-6C33FC3C7375} = {4AE84E45-C650-418C-BAB8-C13DEB137B2D}
		{018D46D1-E281-46D7-A967-31922FAD7D1B} = {4AE84E45-C650-418C-BAB8-C13DEB137B2D}
		{66491339-6CB7-4F57-84EC-4B0EF23EF2A9} = {6D65559C-8F94-4CD6-A7C8-5DB30A39390A}
		{B07488C8-F63E-4F6C-9B4C-4BBD37E4066C} = {6D65559C-8F94-4CD6-A7C8-5DB30A39390A}
		{66EE7CDA-9B24-4CFE-BAC3-AB36ED19AE48} = {6D65559C-8F94-4CD6-A7C8-5DB30A39390A}
		{E9D4A4EE-3B02-40F5-B7FC-0AE062E98FFB} = {FC1953A1-0B5F-4FB0-BA87-52227BE37D7C}
		{33DBAF5C-933A-48A5-8AAE-43B7277E269A} = {FC1953A1-0B5F-4FB0-BA87-52227BE37D7C}
		{8F1F9400-9530-44DE-8A56-9732D653DE56} = {FC1953A1-0B5F-4FB0-BA87-52227BE37D7C}
	EndGlobalSection
	GlobalSection(ExtensibilityGlobals) = postSolution
		SolutionGuid = {A43793F4-1B3E-48FF-B35A-FE396638FF6B}
	EndGlobalSection
EndGlobal
